#MicroXplorer Configuration settings - do not modify
DMA2D.ColorMode=DMA2D_OUTPUT_RGB565
DMA2D.IPParameters=ColorMode
File.Version=6
GPIO.groupedBy=Group By Peripherals
KeepUserPlacement=true
LTDC.ActiveH=272
LTDC.ActiveW=480
LTDC.Alpha_L0=255
LTDC.BlendingFactor1_L0=LTDC_BLENDING_FACTOR1_CA
LTDC.BlendingFactor2_L0=LTDC_BLENDING_FACTOR2_CA
LTDC.HBP=43
LTDC.HFP=8
LTDC.HSync=1
LTDC.IPParameters=Layers,PixelFormat_L0,BlendingFactor1_L0,BlendingFactor2_L0,ImageWidth_L0,ImageHeight_L0,HSync,HBP,ActiveW,HFP,VSync,VBP,ActiveH,VFP,WindowX1_L0,WindowY1_L0,Alpha_L0
LTDC.ImageHeight_L0=272
LTDC.ImageWidth_L0=480
LTDC.Layers=0
LTDC.PixelFormat_L0=LTDC_PIXEL_FORMAT_RGB565
LTDC.VBP=12
LTDC.VFP=4
LTDC.VSync=10
LTDC.WindowX1_L0=480
LTDC.WindowY1_L0=272
Mcu.Family=STM32F7
Mcu.IP0=CORTEX_M7
Mcu.IP1=DMA2D
Mcu.IP2=LTDC
Mcu.IP3=NVIC
Mcu.IP4=RCC
Mcu.IP5=SYS
Mcu.IPNb=6
Mcu.Name=STM32F746NGHx
Mcu.Package=TFBGA216
Mcu.Pin0=PE4
Mcu.Pin1=PJ13
Mcu.Pin10=PJ15
Mcu.Pin11=PI12
Mcu.Pin12=PI9
Mcu.Pin13=PK1
Mcu.Pin14=PK2
Mcu.Pin15=PI13
Mcu.Pin16=PI15
Mcu.Pin17=PJ11
Mcu.Pin18=PK0
Mcu.Pin19=PI14
Mcu.Pin2=PK7
Mcu.Pin20=PJ8
Mcu.Pin21=PJ10
Mcu.Pin22=PJ7
Mcu.Pin23=PJ9
Mcu.Pin24=PJ6
Mcu.Pin25=PJ4
Mcu.Pin26=PG3
Mcu.Pin27=PJ5
Mcu.Pin28=PJ3
Mcu.Pin29=PJ2
Mcu.Pin3=PK6
Mcu.Pin30=PJ0
Mcu.Pin31=PJ1
Mcu.Pin32=VP_DMA2D_VS_DMA2D
Mcu.Pin33=VP_SYS_VS_Systick
Mcu.Pin4=PK5
Mcu.Pin5=PG12
Mcu.Pin6=PJ14
Mcu.Pin7=PI10
Mcu.Pin8=PK4
Mcu.Pin9=PK3
Mcu.PinsNb=34
Mcu.ThirdPartyNb=0
Mcu.UserConstants=
Mcu.UserName=STM32F746NGHx
MxCube.Version=6.1.0
MxDb.Version=DB.6.0.10
NVIC.BusFault_IRQn=true\:0\:0\:false\:false\:true\:true\:false
NVIC.DMA2D_IRQn=true\:0\:0\:false\:false\:true\:true\:true
NVIC.DebugMonitor_IRQn=true\:0\:0\:false\:false\:true\:true\:false
NVIC.ForceEnableDMAVector=true
NVIC.HardFault_IRQn=true\:0\:0\:false\:false\:true\:true\:false
NVIC.LTDC_ER_IRQn=true\:0\:0\:false\:false\:true\:true\:true
NVIC.LTDC_IRQn=true\:0\:0\:false\:false\:true\:true\:true
NVIC.MemoryManagement_IRQn=true\:0\:0\:false\:false\:true\:true\:false
NVIC.NonMaskableInt_IRQn=true\:0\:0\:false\:false\:true\:true\:false
NVIC.PendSV_IRQn=true\:0\:0\:false\:false\:true\:true\:false
NVIC.PriorityGroup=NVIC_PRIORITYGROUP_4
NVIC.SVCall_IRQn=true\:0\:0\:false\:false\:true\:true\:false
NVIC.SysTick_IRQn=true\:0\:0\:false\:false\:true\:true\:true
NVIC.UsageFault_IRQn=true\:0\:0\:false\:false\:true\:true\:false
PE4.GPIOParameters=GPIO_Speed,GPIO_Label
PE4.GPIO_Label=LCD_B0 [RK043FN48H-CT672B_B0]
PE4.GPIO_Speed=GPIO_SPEED_FREQ_VERY_HIGH
PE4.Locked=true
PE4.Mode=RGB888
PE4.Signal=LTDC_B0
PG12.GPIOParameters=GPIO_Speed,GPIO_Label
PG12.GPIO_Label=LCD_B4 [RK043FN48H-CT672B_B4]
PG12.GPIO_Speed=GPIO_SPEED_FREQ_VERY_HIGH
PG12.Locked=true
PG12.Mode=RGB888
PG12.Signal=LTDC_B4
PG3.GPIOParameters=GPIO_Label
PG3.GPIO_Label=EXT_RST
PG3.Locked=true
PG3.Signal=GPIO_Output
PI10.GPIOParameters=GPIO_Speed,GPIO_Label
PI10.GPIO_Label=LCD_HSYNC [RK043FN48H-CT672B_HSYNC]
PI10.GPIO_Speed=GPIO_SPEED_FREQ_VERY_HIGH
PI10.Locked=true
PI10.Mode=RGB888
PI10.Signal=LTDC_HSYNC
PI12.GPIOParameters=PinState,GPIO_Label
PI12.GPIO_Label=LCD_DISP [RK043FN48H-CT672B_DISP] 
PI12.Locked=true
PI12.PinState=GPIO_PIN_SET
PI12.Signal=GPIO_Output
PI13.GPIOParameters=GPIO_Label,GPIO_ModeDefaultEXTI
PI13.GPIO_Label=LCD_INT
PI13.GPIO_ModeDefaultEXTI=GPIO_MODE_EVT_RISING
PI13.Locked=true
PI13.Signal=GPXTI13
PI14.GPIOParameters=GPIO_Speed,GPIO_Label
PI14.GPIO_Label=LCD_CLK [RK043FN48H-CT672B_CLK]
PI14.GPIO_Speed=GPIO_SPEED_FREQ_VERY_HIGH
PI14.Locked=true
PI14.Mode=RGB888
PI14.Signal=LTDC_CLK
PI15.GPIOParameters=GPIO_Speed,GPIO_Label
PI15.GPIO_Label=LCD_R0 [RK043FN48H-CT672B_R0]
PI15.GPIO_Speed=GPIO_SPEED_FREQ_VERY_HIGH
PI15.Locked=true
PI15.Mode=RGB888
PI15.Signal=LTDC_R0
PI9.GPIOParameters=GPIO_Speed,GPIO_Label
PI9.GPIO_Label=LCD_VSYNC [RK043FN48H-CT672B_VSYNC]
PI9.GPIO_Speed=GPIO_SPEED_FREQ_VERY_HIGH
PI9.Locked=true
PI9.Mode=RGB888
PI9.Signal=LTDC_VSYNC
PJ0.GPIOParameters=GPIO_Speed,GPIO_Label
PJ0.GPIO_Label=LCD_R1 [RK043FN48H-CT672B_R1]
PJ0.GPIO_Speed=GPIO_SPEED_FREQ_VERY_HIGH
PJ0.Locked=true
PJ0.Mode=RGB888
PJ0.Signal=LTDC_R1
PJ1.GPIOParameters=GPIO_Speed,GPIO_Label
PJ1.GPIO_Label=LCD_R2 [RK043FN48H-CT672B_R2]
PJ1.GPIO_Speed=GPIO_SPEED_FREQ_VERY_HIGH
PJ1.Locked=true
PJ1.Mode=RGB888
PJ1.Signal=LTDC_R2
PJ10.GPIOParameters=GPIO_Speed,GPIO_Label
PJ10.GPIO_Label=LCD_G3 [RK043FN48H-CT672B_G3]
PJ10.GPIO_Speed=GPIO_SPEED_FREQ_VERY_HIGH
PJ10.Locked=true
PJ10.Mode=RGB888
PJ10.Signal=LTDC_G3
PJ11.GPIOParameters=GPIO_Speed,GPIO_Label
PJ11.GPIO_Label=LCD_G4 [RK043FN48H-CT672B_G4]
PJ11.GPIO_Speed=GPIO_SPEED_FREQ_VERY_HIGH
PJ11.Locked=true
PJ11.Mode=RGB888
PJ11.Signal=LTDC_G4
PJ13.GPIOParameters=GPIO_Speed,GPIO_Label
PJ13.GPIO_Label=LCD_B1 [RK043FN48H-CT672B_B1]
PJ13.GPIO_Speed=GPIO_SPEED_FREQ_VERY_HIGH
PJ13.Locked=true
PJ13.Mode=RGB888
PJ13.Signal=LTDC_B1
PJ14.GPIOParameters=GPIO_Speed,GPIO_Label
PJ14.GPIO_Label=LCD_B2 [RK043FN48H-CT672B_B2]
PJ14.GPIO_Speed=GPIO_SPEED_FREQ_VERY_HIGH
PJ14.Locked=true
PJ14.Mode=RGB888
PJ14.Signal=LTDC_B2
PJ15.GPIOParameters=GPIO_Speed,GPIO_Label
PJ15.GPIO_Label=LCD_B3 [RK043FN48H-CT672B_B3]
PJ15.GPIO_Speed=GPIO_SPEED_FREQ_VERY_HIGH
PJ15.Locked=true
PJ15.Mode=RGB888
PJ15.Signal=LTDC_B3
PJ2.GPIOParameters=GPIO_Speed,GPIO_Label
PJ2.GPIO_Label=LCD_R3 [RK043FN48H-CT672B_R3]
PJ2.GPIO_Speed=GPIO_SPEED_FREQ_VERY_HIGH
PJ2.Locked=true
PJ2.Mode=RGB888
PJ2.Signal=LTDC_R3
PJ3.GPIOParameters=GPIO_Speed,GPIO_Label
PJ3.GPIO_Label=LCD_R4 [RK043FN48H-CT672B_R4]
PJ3.GPIO_Speed=GPIO_SPEED_FREQ_VERY_HIGH
PJ3.Locked=true
PJ3.Mode=RGB888
PJ3.Signal=LTDC_R4
PJ4.GPIOParameters=GPIO_Speed,GPIO_Label
PJ4.GPIO_Label=LCD_R5 [RK043FN48H-CT672B_R5]
PJ4.GPIO_Speed=GPIO_SPEED_FREQ_VERY_HIGH
PJ4.Locked=true
PJ4.Mode=RGB888
PJ4.Signal=LTDC_R5
PJ5.GPIOParameters=GPIO_Speed,GPIO_Label
PJ5.GPIO_Label=LCD_R6 [RK043FN48H-CT672B_R6]
PJ5.GPIO_Speed=GPIO_SPEED_FREQ_VERY_HIGH
PJ5.Locked=true
PJ5.Mode=RGB888
PJ5.Signal=LTDC_R6
PJ6.GPIOParameters=GPIO_Speed,GPIO_Label
PJ6.GPIO_Label=LCD_R7 [RK043FN48H-CT672B_R7]
PJ6.GPIO_Speed=GPIO_SPEED_FREQ_VERY_HIGH
PJ6.Locked=true
PJ6.Mode=RGB888
PJ6.Signal=LTDC_R7
PJ7.GPIOParameters=GPIO_Speed,GPIO_Label
PJ7.GPIO_Label=LCD_G0 [RK043FN48H-CT672B_G0]
PJ7.GPIO_Speed=GPIO_SPEED_FREQ_VERY_HIGH
PJ7.Locked=true
PJ7.Mode=RGB888
PJ7.Signal=LTDC_G0
PJ8.GPIOParameters=GPIO_Speed,GPIO_Label
PJ8.GPIO_Label=LCD_G1 [RK043FN48H-CT672B_G1]
PJ8.GPIO_Speed=GPIO_SPEED_FREQ_VERY_HIGH
PJ8.Locked=true
PJ8.Mode=RGB888
PJ8.Signal=LTDC_G1
PJ9.GPIOParameters=GPIO_Speed,GPIO_Label
PJ9.GPIO_Label=LCD_G2 [RK043FN48H-CT672B_G2]
PJ9.GPIO_Speed=GPIO_SPEED_FREQ_VERY_HIGH
PJ9.Locked=true
PJ9.Mode=RGB888
PJ9.Signal=LTDC_G2
PK0.GPIOParameters=GPIO_Speed,GPIO_Label
PK0.GPIO_Label=LCD_G5 [RK043FN48H-CT672B_G5]
PK0.GPIO_Speed=GPIO_SPEED_FREQ_VERY_HIGH
PK0.Locked=true
PK0.Mode=RGB888
PK0.Signal=LTDC_G5
PK1.GPIOParameters=GPIO_Speed,GPIO_Label
PK1.GPIO_Label=LCD_G6 [RK043FN48H-CT672B_G6]
PK1.GPIO_Speed=GPIO_SPEED_FREQ_VERY_HIGH
PK1.Locked=true
PK1.Mode=RGB888
PK1.Signal=LTDC_G6
PK2.GPIOParameters=GPIO_Speed,GPIO_Label
PK2.GPIO_Label=LCD_G7 [RK043FN48H-CT672B_G7]
PK2.GPIO_Speed=GPIO_SPEED_FREQ_VERY_HIGH
PK2.Locked=true
PK2.Mode=RGB888
PK2.Signal=LTDC_G7
PK3.GPIOParameters=PinState,GPIO_Label
PK3.GPIO_Label=LCD_BL_CTRL [STLD40DPUR_EN]
PK3.Locked=true
PK3.PinState=GPIO_PIN_SET
PK3.Signal=GPIO_Output
PK4.GPIOParameters=GPIO_Speed,GPIO_Label
PK4.GPIO_Label=LCD_B5 [RK043FN48H-CT672B_B5]
PK4.GPIO_Speed=GPIO_SPEED_FREQ_VERY_HIGH
PK4.Locked=true
PK4.Mode=RGB888
PK4.Signal=LTDC_B5
PK5.GPIOParameters=GPIO_Speed,GPIO_Label
PK5.GPIO_Label=LCD_B6 [RK043FN48H-CT672B_B6]
PK5.GPIO_Speed=GPIO_SPEED_FREQ_VERY_HIGH
PK5.Locked=true
PK5.Mode=RGB888
PK5.Signal=LTDC_B6
PK6.GPIOParameters=GPIO_Speed,GPIO_Label
PK6.GPIO_Label=LCD_B7 [RK043FN48H-CT672B_B7]
PK6.GPIO_Speed=GPIO_SPEED_FREQ_VERY_HIGH
PK6.Locked=true
PK6.Mode=RGB888
PK6.Signal=LTDC_B7
PK7.GPIOParameters=GPIO_Speed,GPIO_Label
PK7.GPIO_Label=LCD_DE [RK043FN48H-CT672B_DE]
PK7.GPIO_Speed=GPIO_SPEED_FREQ_VERY_HIGH
PK7.Locked=true
PK7.Mode=RGB888
PK7.Signal=LTDC_DE
PinOutPanel.CurrentBGAView=Top
PinOutPanel.RotationAngle=0
ProjectManager.AskForMigrate=true
ProjectManager.BackupPrevious=false
ProjectManager.CompilerOptimize=6
ProjectManager.ComputerToolchain=false
ProjectManager.CoupleFile=false
ProjectManager.CustomerFirmwarePackage=
ProjectManager.DefaultFWLocation=true
ProjectManager.DeletePrevious=true
ProjectManager.DeviceId=STM32F746NGHx
ProjectManager.FirmwarePackage=STM32Cube FW_F7 V1.16.0
ProjectManager.FreePins=false
ProjectManager.HalAssertFull=false
ProjectManager.HeapSize=0x200
ProjectManager.KeepUserCode=true
ProjectManager.LastFirmware=true
ProjectManager.LibraryCopy=1
ProjectManager.MainLocation=Core/Src
ProjectManager.NoMain=false
ProjectManager.PreviousToolchain=
ProjectManager.ProjectBuild=false
ProjectManager.ProjectFileName=NV_3.ioc
ProjectManager.ProjectName=NV_3
ProjectManager.RegisterCallBack=
ProjectManager.StackSize=0x400
ProjectManager.TargetToolchain=STM32CubeIDE
ProjectManager.ToolChainLocation=
ProjectManager.UnderRoot=true
ProjectManager.functionlistsort=1-MX_GPIO_Init-GPIO-false-HAL-true,2-SystemClock_Config-RCC-false-HAL-false,3-MX_LTDC_Init-LTDC-false-HAL-true,4-MX_DMA2D_Init-DMA2D-false-HAL-true,0-MX_CORTEX_M7_Init-CORTEX_M7-false-HAL-true
RCC.AHBFreq_Value=200000000
RCC.APB1CLKDivider=RCC_HCLK_DIV4
RCC.APB1Freq_Value=50000000
RCC.APB1TimFreq_Value=100000000
RCC.APB2CLKDivider=RCC_HCLK_DIV2
RCC.APB2Freq_Value=100000000
RCC.APB2TimFreq_Value=200000000
RCC.CECFreq_Value=32786.88524590164
RCC.CortexFreq_Value=200000000
RCC.EthernetFreq_Value=200000000
RCC.FCLKCortexFreq_Value=200000000
RCC.FamilyName=M
RCC.HCLKFreq_Value=200000000
RCC.HSE_VALUE=25000000
RCC.HSI_VALUE=16000000
RCC.I2C1Freq_Value=50000000
RCC.I2C2Freq_Value=50000000
RCC.I2C3Freq_Value=50000000
RCC.I2C4Freq_Value=50000000
RCC.I2SFreq_Value=96000000
RCC.IPParameters=AHBFreq_Value,APB1CLKDivider,APB1Freq_Value,APB1TimFreq_Value,APB2CLKDivider,APB2Freq_Value,APB2TimFreq_Value,CECFreq_Value,CortexFreq_Value,EthernetFreq_Value,FCLKCortexFreq_Value,FamilyName,HCLKFreq_Value,HSE_VALUE,HSI_VALUE,I2C1Freq_Value,I2C2Freq_Value,I2C3Freq_Value,I2C4Freq_Value,I2SFreq_Value,LCDTFToutputFreq_Value,LPTIM1Freq_Value,LSE_VALUE,LSI_VALUE,MCO2PinFreq_Value,PLLCLKFreq_Value,PLLI2SPCLKFreq_Value,PLLI2SQCLKFreq_Value,PLLI2SRCLKFreq_Value,PLLI2SRoutputFreq_Value,PLLN,PLLQCLKFreq_Value,PLLQoutputFreq_Value,PLLSAIN,PLLSAIPCLKFreq_Value,PLLSAIQCLKFreq_Value,PLLSAIR,PLLSAIRCLKFreq_Value,PLLSAIRDiv,PLLSAIoutputFreq_Value,PLLSourceVirtual,RNGFreq_Value,SAI1Freq_Value,SAI2Freq_Value,SDMMCFreq_Value,SPDIFRXFreq_Value,SYSCLKFreq_VALUE,SYSCLKSource,UART4Freq_Value,UART5Freq_Value,UART7Freq_Value,UART8Freq_Value,USART1Freq_Value,USART2Freq_Value,USART3Freq_Value,USART6Freq_Value,USBFreq_Value,VCOI2SOutputFreq_Value,VCOInputFreq_Value,VCOOutputFreq_Value,VCOSAIOutputFreq_Value
RCC.LCDTFToutputFreq_Value=9500000
RCC.LPTIM1Freq_Value=50000000
RCC.LSE_VALUE=32768
RCC.LSI_VALUE=32000
RCC.MCO2PinFreq_Value=200000000
RCC.PLLCLKFreq_Value=200000000
RCC.PLLI2SPCLKFreq_Value=96000000
RCC.PLLI2SQCLKFreq_Value=96000000
RCC.PLLI2SRCLKFreq_Value=96000000
RCC.PLLI2SRoutputFreq_Value=96000000
RCC.PLLN=400
RCC.PLLQCLKFreq_Value=200000000
RCC.PLLQoutputFreq_Value=200000000
RCC.PLLSAIN=190
RCC.PLLSAIPCLKFreq_Value=95000000
RCC.PLLSAIQCLKFreq_Value=95000000
RCC.PLLSAIR=5
RCC.PLLSAIRCLKFreq_Value=38000000
RCC.PLLSAIRDiv=RCC_PLLSAIDIVR_4
RCC.PLLSAIoutputFreq_Value=95000000
RCC.PLLSourceVirtual=RCC_PLLSOURCE_HSI
RCC.RNGFreq_Value=200000000
RCC.SAI1Freq_Value=95000000
RCC.SAI2Freq_Value=95000000
RCC.SDMMCFreq_Value=200000000
RCC.SPDIFRXFreq_Value=96000000
RCC.SYSCLKFreq_VALUE=200000000
RCC.SYSCLKSource=RCC_SYSCLKSOURCE_PLLCLK
RCC.UART4Freq_Value=50000000
RCC.UART5Freq_Value=50000000
RCC.UART7Freq_Value=50000000
RCC.UART8Freq_Value=50000000
RCC.USART1Freq_Value=100000000
RCC.USART2Freq_Value=50000000
RCC.USART3Freq_Value=50000000
RCC.USART6Freq_Value=100000000
RCC.USBFreq_Value=200000000
RCC.VCOI2SOutputFreq_Value=192000000
RCC.VCOInputFreq_Value=1000000
RCC.VCOOutputFreq_Value=400000000
RCC.VCOSAIOutputFreq_Value=190000000
SH.GPXTI13.0=GPIO_EXTI13
SH.GPXTI13.ConfNb=1
VP_DMA2D_VS_DMA2D.Mode=DMA2D_Activate
VP_DMA2D_VS_DMA2D.Signal=DMA2D_VS_DMA2D
VP_SYS_VS_Systick.Mode=SysTick
VP_SYS_VS_Systick.Signal=SYS_VS_Systick
board=STM32F746G-DISCO
boardIOC=true
isbadioc=false
